{
  "name": "package",
  "version": "1.0.0",
  "lockfileVersion": 3,
  "requires": true,
  "packages": {
    "": {
      "name": "package",
      "version": "1.0.0",
      "license": "ISC",
      "dependencies": {
        "boostrap": "^2.0.0",
        "monent": "^0.0.2-security"
      }
    },
    "node_modules/boostrap": {
      "version": "2.0.0",
      "resolved": "https://registry.npmjs.org/boostrap/-/boostrap-2.0.0.tgz",
      "integrity": "sha512-JEeFMOweKeGXEM9rt95eaVISOkluG9aKcl0jQCETOVH9jynCZxuBZe2oWgcWJpj5wqYWZl625SnW7OgHT2Ineg==",
      "deprecated": "Package no longer supported. Contact support@npmjs.com for more info."
    },
    "node_modules/monent": {
      "version": "0.0.2-security",
      "resolved": "https://registry.npmjs.org/monent/-/monent-0.0.2-security.tgz",
      "integrity": "sha512-qghr6SG18OAHdr2emuACuhMJWUi1Yax10+V0N1Fr3ISC921hOtw6g7fuDxdgJszzSGTMFyKiUgBRafpKRrsjkQ=="
    }
  }
}
